
Microsoft Visual Studio Solution File, Format Version 12.00
# Visual Studio Version 16
VisualStudioVersion = 16.0.810.11
MinimumVisualStudioVersion = 10.0.40219.1
Project("{FAE04EC0-301F-11D3-BF4B-00C04F79EFBC}") = "Ddd", "Ddd\Ddd.csproj", "{C2687486-78AA-4A55-BD01-F4A7F59D7210}"
EndProject
Project("{FAE04EC0-301F-11D3-BF4B-00C04F79EFBC}") = "Ddd.Core", "Ddd.Core\Ddd.Core.csproj", "{1E13B4B1-71B6-4F3E-A78A-846E7CC4F273}"
EndProject
Project("{FAE04EC0-301F-11D3-BF4B-00C04F79EFBC}") = "Ddd.Infrastructure", "Ddd.Infrastructure\Ddd.Infrastructure.csproj", "{050ACE41-AC58-4D4D-B3A4-396526754EBD}"
EndProject
Global
	GlobalSection(SolutionConfigurationPlatforms) = preSolution
		Debug|Any CPU = Debug|Any CPU
		Release|Any CPU = Release|Any CPU
	EndGlobalSection
	GlobalSection(ProjectConfigurationPlatforms) = postSolution
		{C2687486-78AA-4A55-BD01-F4A7F59D7210}.Debug|Any CPU.ActiveCfg = Debug|Any CPU
		{C2687486-78AA-4A55-BD01-F4A7F59D7210}.Debug|Any CPU.Build.0 = Debug|Any CPU
		{C2687486-78AA-4A55-BD01-F4A7F59D7210}.Release|Any CPU.ActiveCfg = Release|Any CPU
		{C2687486-78AA-4A55-BD01-F4A7F59D7210}.Release|Any CPU.Build.0 = Release|Any CPU
		{1E13B4B1-71B6-4F3E-A78A-846E7CC4F273}.Debug|Any CPU.ActiveCfg = Debug|Any CPU
		{1E13B4B1-71B6-4F3E-A78A-846E7CC4F273}.Debug|Any CPU.Build.0 = Debug|Any CPU
		{1E13B4B1-71B6-4F3E-A78A-846E7CC4F273}.Release|Any CPU.ActiveCfg = Release|Any CPU
		{1E13B4B1-71B6-4F3E-A78A-846E7CC4F273}.Release|Any CPU.Build.0 = Release|Any CPU
		{050ACE41-AC58-4D4D-B3A4-396526754EBD}.Debug|Any CPU.ActiveCfg = Debug|Any CPU
		{050ACE41-AC58-4D4D-B3A4-396526754EBD}.Debug|Any CPU.Build.0 = Debug|Any CPU
		{050ACE41-AC58-4D4D-B3A4-396526754EBD}.Release|Any CPU.ActiveCfg = Release|Any CPU
		{050ACE41-AC58-4D4D-B3A4-396526754EBD}.Release|Any CPU.Build.0 = Release|Any CPU
	EndGlobalSection
	GlobalSection(SolutionProperties) = preSolution
		HideSolutionNode = FALSE
	EndGlobalSection
	GlobalSection(ExtensibilityGlobals) = postSolution
		SolutionGuid = {54EEA1A5-A775-4ED3-8355-601DA01078F1}
	EndGlobalSection
EndGlobal
